
Microsoft Visual Studio Solution File, Format Version 12.00
# Visual Studio Version 17
VisualStudioVersion = 17.6.33723.286
MinimumVisualStudioVersion = 10.0.40219.1
Project("{FAE04EC0-301F-11D3-BF4B-00C04F79EFBC}") = "WinFormsApp3", "WinFormsApp3\WinFormsApp3.csproj", "{D6B68BDB-C26B-4274-83E5-37435F260F67}"
EndProject
Global
	GlobalSection(SolutionConfigurationPlatforms) = preSolution
		Debug|Any CPU = Debug|Any CPU
		Release|Any CPU = Release|Any CPU
	EndGlobalSection
	GlobalSection(ProjectConfigurationPlatforms) = postSolution
		{D6B68BDB-C26B-4274-83E5-37435F260F67}.Debug|Any CPU.ActiveCfg = Debug|Any CPU
		{D6B68BDB-C26B-4274-83E5-37435F260F67}.Debug|Any CPU.Build.0 = Debug|Any CPU
		{D6B68BDB-C26B-4274-83E5-37435F260F67}.Release|Any CPU.ActiveCfg = Release|Any CPU
		{D6B68BDB-C26B-4274-83E5-37435F260F67}.Release|Any CPU.Build.0 = Release|Any CPU
	EndGlobalSection
	GlobalSection(SolutionProperties) = preSolution
		HideSolutionNode = FALSE
	EndGlobalSection
	GlobalSection(ExtensibilityGlobals) = postSolution
		SolutionGuid = {0D3EB633-9AB4-4909-8CE2-0469FD7B3684}
	EndGlobalSection
EndGlobal
